
Microsoft Visual Studio Solution File, Format Version 12.00
# Visual Studio Version 17
VisualStudioVersion = 17.11.35327.3
MinimumVisualStudioVersion = 10.0.40219.1
Project("{FAE04EC0-301F-11D3-BF4B-00C04F79EFBC}") = "Eam.Dadades", "Eam.Dadades\Eam.Dadades.csproj", "{617DF0DA-8F8E-4834-B511-DB20EA4C9C8A}"
EndProject
Project("{FAE04EC0-301F-11D3-BF4B-00C04F79EFBC}") = "Eam.Dadades.Core", "Eam.Dadades.Core\Eam.Dadades.Core.csproj", "{A9CB8D64-2605-43FF-8F72-228D30825026}"
EndProject
Project("{FAE04EC0-301F-11D3-BF4B-00C04F79EFBC}") = "Eam.Dadades.Domain", "Eam.Dadades.Domain\Eam.Dadades.Domain.csproj", "{A1E60247-5E83-4259-A08C-0D5A6E70ABB4}"
EndProject
Project("{FAE04EC0-301F-11D3-BF4B-00C04F79EFBC}") = "Eam.Dadades.Repository", "Eam.Dadades.Repository\Eam.Dadades.Repository.csproj", "{05BBA677-7CE6-4643-B7CC-E45017B7158A}"
EndProject
Project("{FAE04EC0-301F-11D3-BF4B-00C04F79EFBC}") = "Eam.Dadades.Application", "Eam.Dadades.Application\Eam.Dadades.Application.csproj", "{C30A9C4E-F163-439F-8A5C-6967B492921F}"
EndProject
Global
	GlobalSection(SolutionConfigurationPlatforms) = preSolution
		Debug|Any CPU = Debug|Any CPU
		Release|Any CPU = Release|Any CPU
	EndGlobalSection
	GlobalSection(ProjectConfigurationPlatforms) = postSolution
		{617DF0DA-8F8E-4834-B511-DB20EA4C9C8A}.Debug|Any CPU.ActiveCfg = Debug|Any CPU
		{617DF0DA-8F8E-4834-B511-DB20EA4C9C8A}.Debug|Any CPU.Build.0 = Debug|Any CPU
		{617DF0DA-8F8E-4834-B511-DB20EA4C9C8A}.Release|Any CPU.ActiveCfg = Release|Any CPU
		{617DF0DA-8F8E-4834-B511-DB20EA4C9C8A}.Release|Any CPU.Build.0 = Release|Any CPU
		{A9CB8D64-2605-43FF-8F72-228D30825026}.Debug|Any CPU.ActiveCfg = Debug|Any CPU
		{A9CB8D64-2605-43FF-8F72-228D30825026}.Debug|Any CPU.Build.0 = Debug|Any CPU
		{A9CB8D64-2605-43FF-8F72-228D30825026}.Release|Any CPU.ActiveCfg = Release|Any CPU
		{A9CB8D64-2605-43FF-8F72-228D30825026}.Release|Any CPU.Build.0 = Release|Any CPU
		{A1E60247-5E83-4259-A08C-0D5A6E70ABB4}.Debug|Any CPU.ActiveCfg = Debug|Any CPU
		{A1E60247-5E83-4259-A08C-0D5A6E70ABB4}.Debug|Any CPU.Build.0 = Debug|Any CPU
		{A1E60247-5E83-4259-A08C-0D5A6E70ABB4}.Release|Any CPU.ActiveCfg = Release|Any CPU
		{A1E60247-5E83-4259-A08C-0D5A6E70ABB4}.Release|Any CPU.Build.0 = Release|Any CPU
		{05BBA677-7CE6-4643-B7CC-E45017B7158A}.Debug|Any CPU.ActiveCfg = Debug|Any CPU
		{05BBA677-7CE6-4643-B7CC-E45017B7158A}.Debug|Any CPU.Build.0 = Debug|Any CPU
		{05BBA677-7CE6-4643-B7CC-E45017B7158A}.Release|Any CPU.ActiveCfg = Release|Any CPU
		{05BBA677-7CE6-4643-B7CC-E45017B7158A}.Release|Any CPU.Build.0 = Release|Any CPU
		{C30A9C4E-F163-439F-8A5C-6967B492921F}.Debug|Any CPU.ActiveCfg = Debug|Any CPU
		{C30A9C4E-F163-439F-8A5C-6967B492921F}.Debug|Any CPU.Build.0 = Debug|Any CPU
		{C30A9C4E-F163-439F-8A5C-6967B492921F}.Release|Any CPU.ActiveCfg = Release|Any CPU
		{C30A9C4E-F163-439F-8A5C-6967B492921F}.Release|Any CPU.Build.0 = Release|Any CPU
	EndGlobalSection
	GlobalSection(SolutionProperties) = preSolution
		HideSolutionNode = FALSE
	EndGlobalSection
	GlobalSection(ExtensibilityGlobals) = postSolution
		SolutionGuid = {31786026-810B-4A95-BB50-3CC99842EA88}
	EndGlobalSection
EndGlobal
